
Microsoft Visual Studio Solution File, Format Version 12.00
# Visual Studio Version 17
VisualStudioVersion = 17.11.35312.102
MinimumVisualStudioVersion = 10.0.40219.1
Project("{FAE04EC0-301F-11D3-BF4B-00C04F79EFBC}") = "MiAppCrud", "MiAppCrud\MiAppCrud.csproj", "{4BB8186C-E14F-441C-8551-317652F10B43}"
EndProject
Global
	GlobalSection(SolutionConfigurationPlatforms) = preSolution
		Debug|Any CPU = Debug|Any CPU
		Release|Any CPU = Release|Any CPU
	EndGlobalSection
	GlobalSection(ProjectConfigurationPlatforms) = postSolution
		{4BB8186C-E14F-441C-8551-317652F10B43}.Debug|Any CPU.ActiveCfg = Debug|Any CPU
		{4BB8186C-E14F-441C-8551-317652F10B43}.Debug|Any CPU.Build.0 = Debug|Any CPU
		{4BB8186C-E14F-441C-8551-317652F10B43}.Debug|Any CPU.Deploy.0 = Debug|Any CPU
		{4BB8186C-E14F-441C-8551-317652F10B43}.Release|Any CPU.ActiveCfg = Release|Any CPU
		{4BB8186C-E14F-441C-8551-317652F10B43}.Release|Any CPU.Build.0 = Release|Any CPU
		{4BB8186C-E14F-441C-8551-317652F10B43}.Release|Any CPU.Deploy.0 = Release|Any CPU
	EndGlobalSection
	GlobalSection(SolutionProperties) = preSolution
		HideSolutionNode = FALSE
	EndGlobalSection
	GlobalSection(ExtensibilityGlobals) = postSolution
		SolutionGuid = {178F6993-5A71-43DC-BF40-8E0EF125390E}
	EndGlobalSection
EndGlobal
